// !$*UTF8*$!
{
	archiveVersion = 1;
	classes = {
	};
	objectVersion = 46;
	objects = {

/* Begin PBXBuildFile section */
		A9017C911B56246100FF175B /* LocationsViewController.m in Sources */ = {isa = PBXBuildFile; fileRef = A9017C901B56246100FF175B /* LocationsViewController.m */; };
		A9017C971B578BD600FF175B /* InitLocationViewController.m in Sources */ = {isa = PBXBuildFile; fileRef = A9017C961B578BD600FF175B /* InitLocationViewController.m */; };
		A9017C991B58A5B100FF175B /* NearbyBusCell.xib in Resources */ = {isa = PBXBuildFile; fileRef = A9017C981B58A5B100FF175B /* NearbyBusCell.xib */; };
		A9017C9D1B58EE6600FF175B /* UIColor+RandomColor.m in Sources */ = {isa = PBXBuildFile; fileRef = A9017C9C1B58EE6600FF175B /* UIColor+RandomColor.m */; };
		A909C8F81B54F91A00DCCBCA /* NearbyBusesViewController.m in Sources */ = {isa = PBXBuildFile; fileRef = A909C8F71B54F91A00DCCBCA /* NearbyBusesViewController.m */; };
		A909C8FB1B54FD7800DCCBCA /* NearbyBusCell.m in Sources */ = {isa = PBXBuildFile; fileRef = A909C8FA1B54FD7800DCCBCA /* NearbyBusCell.m */; };
		A93CFE3D1B6DE7A500F71E57 /* NearbyStationCell.m in Sources */ = {isa = PBXBuildFile; fileRef = A93CFE3C1B6DE7A500F71E57 /* NearbyStationCell.m */; };
		A94F33A71B2FF14F00D7476A /* FavoriteCarCode.m in Sources */ = {isa = PBXBuildFile; fileRef = A94F33A61B2FF14F00D7476A /* FavoriteCarCode.m */; };
		A94F33AA1B2FF15000D7476A /* FavoriteBusLine.m in Sources */ = {isa = PBXBuildFile; fileRef = A94F33A91B2FF15000D7476A /* FavoriteBusLine.m */; };
		A94F33AD1B30087C00D7476A /* TemplatedTintColorButton.m in Sources */ = {isa = PBXBuildFile; fileRef = A94F33AC1B30087C00D7476A /* TemplatedTintColorButton.m */; };
		A981D63F1B5C9C2300CD6FBA /* UIImage+Rotate.m in Sources */ = {isa = PBXBuildFile; fileRef = A981D63E1B5C9C2300CD6FBA /* UIImage+Rotate.m */; };
		A981D6441B5E2DA900CD6FBA /* ArrivalCell.m in Sources */ = {isa = PBXBuildFile; fileRef = A981D6421B5E2DA900CD6FBA /* ArrivalCell.m */; };
		A99029D41B20313A000E5AD9 /* main.m in Sources */ = {isa = PBXBuildFile; fileRef = A99029D31B20313A000E5AD9 /* main.m */; };
		A99029D71B20313A000E5AD9 /* AppDelegate.mm in Sources */ = {isa = PBXBuildFile; fileRef = A99029D61B20313A000E5AD9 /* AppDelegate.mm */; };
		A99029DA1B20313A000E5AD9 /* EasyBus.xcdatamodeld in Sources */ = {isa = PBXBuildFile; fileRef = A99029D81B20313A000E5AD9 /* EasyBus.xcdatamodeld */; };
		A99029E01B20313A000E5AD9 /* Main.storyboard in Resources */ = {isa = PBXBuildFile; fileRef = A99029DE1B20313A000E5AD9 /* Main.storyboard */; };
		A99029E21B20313A000E5AD9 /* Images.xcassets in Resources */ = {isa = PBXBuildFile; fileRef = A99029E11B20313A000E5AD9 /* Images.xcassets */; };
		A99029E51B20313A000E5AD9 /* LaunchScreen.xib in Resources */ = {isa = PBXBuildFile; fileRef = A99029E31B20313A000E5AD9 /* LaunchScreen.xib */; };
		A99029F11B20313A000E5AD9 /* EasyBusTests.m in Sources */ = {isa = PBXBuildFile; fileRef = A99029F01B20313A000E5AD9 /* EasyBusTests.m */; };
		A9902A091B2033B0000E5AD9 /* CoreLocation.framework in Frameworks */ = {isa = PBXBuildFile; fileRef = A9902A051B20334C000E5AD9 /* CoreLocation.framework */; };
		A9902A0A1B2033C6000E5AD9 /* CoreTelephony.framework in Frameworks */ = {isa = PBXBuildFile; fileRef = A9902A011B203324000E5AD9 /* CoreTelephony.framework */; };
		A9902A0E1B2034B5000E5AD9 /* BusService.m in Sources */ = {isa = PBXBuildFile; fileRef = A9902A0D1B2034B5000E5AD9 /* BusService.m */; };
		A9902A121B2039E6000E5AD9 /* Bus.m in Sources */ = {isa = PBXBuildFile; fileRef = A9902A111B2039E6000E5AD9 /* Bus.m */; };
		A9902A151B203B9B000E5AD9 /* CommonModel.m in Sources */ = {isa = PBXBuildFile; fileRef = A9902A141B203B9B000E5AD9 /* CommonModel.m */; };
		A9902A181B203BD4000E5AD9 /* Station.m in Sources */ = {isa = PBXBuildFile; fileRef = A9902A171B203BD4000E5AD9 /* Station.m */; };
		A9902A1B1B203D05000E5AD9 /* Arrival.m in Sources */ = {isa = PBXBuildFile; fileRef = A9902A1A1B203D05000E5AD9 /* Arrival.m */; };
		A9902A1E1B203D74000E5AD9 /* LineInfo.m in Sources */ = {isa = PBXBuildFile; fileRef = A9902A1D1B203D74000E5AD9 /* LineInfo.m */; };
		A9902A2E1B21380F000E5AD9 /* RAMBounceAnimation.swift in Sources */ = {isa = PBXBuildFile; fileRef = A9902A231B21380F000E5AD9 /* RAMBounceAnimation.swift */; };
		A9902A2F1B21380F000E5AD9 /* RAMFrameItemAnimation.swift in Sources */ = {isa = PBXBuildFile; fileRef = A9902A251B21380F000E5AD9 /* RAMFrameItemAnimation.swift */; };
		A9902A301B21380F000E5AD9 /* RAMFumeAnimation.swift in Sources */ = {isa = PBXBuildFile; fileRef = A9902A271B21380F000E5AD9 /* RAMFumeAnimation.swift */; };
		A9902A311B21380F000E5AD9 /* RAMRotationAnimation.swift in Sources */ = {isa = PBXBuildFile; fileRef = A9902A291B21380F000E5AD9 /* RAMRotationAnimation.swift */; };
		A9902A321B21380F000E5AD9 /* RAMTransitionItemAnimation.swift in Sources */ = {isa = PBXBuildFile; fileRef = A9902A2B1B21380F000E5AD9 /* RAMTransitionItemAnimation.swift */; };
		A9902A331B21380F000E5AD9 /* RAMAnimatedTabBarController.swift in Sources */ = {isa = PBXBuildFile; fileRef = A9902A2C1B21380F000E5AD9 /* RAMAnimatedTabBarController.swift */; };
		A9902A341B21380F000E5AD9 /* RAMItemAnimationProtocol.swift in Sources */ = {isa = PBXBuildFile; fileRef = A9902A2D1B21380F000E5AD9 /* RAMItemAnimationProtocol.swift */; };
		A9902A3A1B214381000E5AD9 /* BuslineSearchViewController.m in Sources */ = {isa = PBXBuildFile; fileRef = A9902A391B214381000E5AD9 /* BuslineSearchViewController.m */; };
		A9902A4C1B252D25000E5AD9 /* BaiduService.m in Sources */ = {isa = PBXBuildFile; fileRef = A9902A4B1B252D25000E5AD9 /* BaiduService.m */; };
		A9902A541B257B40000E5AD9 /* QuartzCore.framework in Frameworks */ = {isa = PBXBuildFile; fileRef = A9902A531B257B40000E5AD9 /* QuartzCore.framework */; };
		A9902A561B257B4D000E5AD9 /* OpenGLES.framework in Frameworks */ = {isa = PBXBuildFile; fileRef = A9902A551B257B4D000E5AD9 /* OpenGLES.framework */; };
		A9902A581B257B5D000E5AD9 /* SystemConfiguration.framework in Frameworks */ = {isa = PBXBuildFile; fileRef = A9902A571B257B5D000E5AD9 /* SystemConfiguration.framework */; };
		A9902A5A1B257B65000E5AD9 /* CoreGraphics.framework in Frameworks */ = {isa = PBXBuildFile; fileRef = A9902A591B257B65000E5AD9 /* CoreGraphics.framework */; };
		A9902A5C1B257B74000E5AD9 /* Security.framework in Frameworks */ = {isa = PBXBuildFile; fileRef = A9902A5B1B257B74000E5AD9 /* Security.framework */; };
		A9902A5E1B257BC9000E5AD9 /* mapapi.bundle in Resources */ = {isa = PBXBuildFile; fileRef = A9902A5D1B257BC9000E5AD9 /* mapapi.bundle */; };
		A9A5A1E71B5C850100751D61 /* BusLineMapViewController.mm in Sources */ = {isa = PBXBuildFile; fileRef = A9A5A1E61B5C850100751D61 /* BusLineMapViewController.mm */; };
		A9E704391B60917C00AA6ACC /* HorizontalCell.m in Sources */ = {isa = PBXBuildFile; fileRef = A9E704381B60917C00AA6ACC /* HorizontalCell.m */; };
		A9E7044D1B68BE6800AA6ACC /* FavoriteBusCell.m in Sources */ = {isa = PBXBuildFile; fileRef = A9E7044B1B68BE6800AA6ACC /* FavoriteBusCell.m */; };
		A9E7044E1B68BE6800AA6ACC /* FavoriteBusCell.xib in Resources */ = {isa = PBXBuildFile; fileRef = A9E7044C1B68BE6800AA6ACC /* FavoriteBusCell.xib */; };
		A9E704501B69F4B000AA6ACC /* BaiduMapAPI.framework in Frameworks */ = {isa = PBXBuildFile; fileRef = A9E7044F1B69F4B000AA6ACC /* BaiduMapAPI.framework */; };
		A9E704531B6A1E3100AA6ACC /* IndexAnnotationView.m in Sources */ = {isa = PBXBuildFile; fileRef = A9E704521B6A1E3100AA6ACC /* IndexAnnotationView.m */; };
		A9E7048E1B6B18A200AA6ACC /* BusLineAnnotation.m in Sources */ = {isa = PBXBuildFile; fileRef = A9E7048D1B6B18A200AA6ACC /* BusLineAnnotation.m */; };
		A9F388AD1B6EFBE900087884 /* RoutingViewController.m in Sources */ = {isa = PBXBuildFile; fileRef = A9F388AC1B6EFBE900087884 /* RoutingViewController.m */; };
		A9F388B21B6F47F300087884 /* BusStationSearchViewController.m in Sources */ = {isa = PBXBuildFile; fileRef = A9F388B11B6F47F300087884 /* BusStationSearchViewController.m */; };
		F12FFECDA723618D95C54AF7 /* libPods-EasyBus.a in Frameworks */ = {isa = PBXBuildFile; fileRef = A7188B4F7DF113E8714A89A8 /* libPods-EasyBus.a */; };
/* End PBXBuildFile section */

/* Begin PBXContainerItemProxy section */
		A99029EB1B20313A000E5AD9 /* PBXContainerItemProxy */ = {
			isa = PBXContainerItemProxy;
			containerPortal = A99029C61B20313A000E5AD9 /* Project object */;
			proxyType = 1;
			remoteGlobalIDString = A99029CD1B20313A000E5AD9;
			remoteInfo = EasyBus;
		};
/* End PBXContainerItemProxy section */

/* Begin PBXFileReference section */
		4AB9B78ADDC7A5687BAF4135 /* Pods-EasyBus.release.xcconfig */ = {isa = PBXFileReference; includeInIndex = 1; lastKnownFileType = text.xcconfig; name = "Pods-EasyBus.release.xcconfig"; path = "Pods/Target Support Files/Pods-EasyBus/Pods-EasyBus.release.xcconfig"; sourceTree = "<group>"; };
		783D7B94F8C8DAA7363D7870 /* Pods-EasyBus.debug.xcconfig */ = {isa = PBXFileReference; includeInIndex = 1; lastKnownFileType = text.xcconfig; name = "Pods-EasyBus.debug.xcconfig"; path = "Pods/Target Support Files/Pods-EasyBus/Pods-EasyBus.debug.xcconfig"; sourceTree = "<group>"; };
		A7188B4F7DF113E8714A89A8 /* libPods-EasyBus.a */ = {isa = PBXFileReference; explicitFileType = archive.ar; includeInIndex = 0; path = "libPods-EasyBus.a"; sourceTree = BUILT_PRODUCTS_DIR; };
		A9017C8F1B56246100FF175B /* LocationsViewController.h */ = {isa = PBXFileReference; fileEncoding = 4; lastKnownFileType = sourcecode.c.h; path = LocationsViewController.h; sourceTree = "<group>"; };
		A9017C901B56246100FF175B /* LocationsViewController.m */ = {isa = PBXFileReference; fileEncoding = 4; lastKnownFileType = sourcecode.c.objc; path = LocationsViewController.m; sourceTree = "<group>"; };
		A9017C951B578BD600FF175B /* InitLocationViewController.h */ = {isa = PBXFileReference; fileEncoding = 4; lastKnownFileType = sourcecode.c.h; path = InitLocationViewController.h; sourceTree = "<group>"; };
		A9017C961B578BD600FF175B /* InitLocationViewController.m */ = {isa = PBXFileReference; fileEncoding = 4; lastKnownFileType = sourcecode.c.objc; path = InitLocationViewController.m; sourceTree = "<group>"; };
		A9017C981B58A5B100FF175B /* NearbyBusCell.xib */ = {isa = PBXFileReference; fileEncoding = 4; lastKnownFileType = file.xib; path = NearbyBusCell.xib; sourceTree = "<group>"; };
		A9017C9B1B58EE6600FF175B /* UIColor+RandomColor.h */ = {isa = PBXFileReference; fileEncoding = 4; lastKnownFileType = sourcecode.c.h; path = "UIColor+RandomColor.h"; sourceTree = "<group>"; };
		A9017C9C1B58EE6600FF175B /* UIColor+RandomColor.m */ = {isa = PBXFileReference; fileEncoding = 4; lastKnownFileType = sourcecode.c.objc; path = "UIColor+RandomColor.m"; sourceTree = "<group>"; };
		A909C8F61B54F91A00DCCBCA /* NearbyBusesViewController.h */ = {isa = PBXFileReference; fileEncoding = 4; lastKnownFileType = sourcecode.c.h; path = NearbyBusesViewController.h; sourceTree = "<group>"; };
		A909C8F71B54F91A00DCCBCA /* NearbyBusesViewController.m */ = {isa = PBXFileReference; fileEncoding = 4; lastKnownFileType = sourcecode.c.objc; path = NearbyBusesViewController.m; sourceTree = "<group>"; };
		A909C8F91B54FD7800DCCBCA /* NearbyBusCell.h */ = {isa = PBXFileReference; fileEncoding = 4; lastKnownFileType = sourcecode.c.h; path = NearbyBusCell.h; sourceTree = "<group>"; };
		A909C8FA1B54FD7800DCCBCA /* NearbyBusCell.m */ = {isa = PBXFileReference; fileEncoding = 4; lastKnownFileType = sourcecode.c.objc; path = NearbyBusCell.m; sourceTree = "<group>"; };
		A93CFE3B1B6DE79800F71E57 /* NearbyStationCell.h */ = {isa = PBXFileReference; fileEncoding = 4; lastKnownFileType = sourcecode.c.h; path = NearbyStationCell.h; sourceTree = "<group>"; };
		A93CFE3C1B6DE7A500F71E57 /* NearbyStationCell.m */ = {isa = PBXFileReference; fileEncoding = 4; lastKnownFileType = sourcecode.c.objc; path = NearbyStationCell.m; sourceTree = "<group>"; };
		A94F33A51B2FF14F00D7476A /* FavoriteCarCode.h */ = {isa = PBXFileReference; fileEncoding = 4; lastKnownFileType = sourcecode.c.h; path = FavoriteCarCode.h; sourceTree = "<group>"; };
		A94F33A61B2FF14F00D7476A /* FavoriteCarCode.m */ = {isa = PBXFileReference; fileEncoding = 4; lastKnownFileType = sourcecode.c.objc; path = FavoriteCarCode.m; sourceTree = "<group>"; };
		A94F33A81B2FF15000D7476A /* FavoriteBusLine.h */ = {isa = PBXFileReference; fileEncoding = 4; lastKnownFileType = sourcecode.c.h; path = FavoriteBusLine.h; sourceTree = "<group>"; };
		A94F33A91B2FF15000D7476A /* FavoriteBusLine.m */ = {isa = PBXFileReference; fileEncoding = 4; lastKnownFileType = sourcecode.c.objc; path = FavoriteBusLine.m; sourceTree = "<group>"; };
		A94F33AB1B30087C00D7476A /* TemplatedTintColorButton.h */ = {isa = PBXFileReference; fileEncoding = 4; lastKnownFileType = sourcecode.c.h; path = TemplatedTintColorButton.h; sourceTree = "<group>"; };
		A94F33AC1B30087C00D7476A /* TemplatedTintColorButton.m */ = {isa = PBXFileReference; fileEncoding = 4; lastKnownFileType = sourcecode.c.objc; path = TemplatedTintColorButton.m; sourceTree = "<group>"; };
		A981D63D1B5C9C2300CD6FBA /* UIImage+Rotate.h */ = {isa = PBXFileReference; fileEncoding = 4; lastKnownFileType = sourcecode.c.h; path = "UIImage+Rotate.h"; sourceTree = "<group>"; };
		A981D63E1B5C9C2300CD6FBA /* UIImage+Rotate.m */ = {isa = PBXFileReference; fileEncoding = 4; lastKnownFileType = sourcecode.c.objc; path = "UIImage+Rotate.m"; sourceTree = "<group>"; };
		A981D6411B5E2DA900CD6FBA /* ArrivalCell.h */ = {isa = PBXFileReference; fileEncoding = 4; lastKnownFileType = sourcecode.c.h; path = ArrivalCell.h; sourceTree = "<group>"; };
		A981D6421B5E2DA900CD6FBA /* ArrivalCell.m */ = {isa = PBXFileReference; fileEncoding = 4; lastKnownFileType = sourcecode.c.objc; path = ArrivalCell.m; sourceTree = "<group>"; };
		A99029CE1B20313A000E5AD9 /* EasyBus.app */ = {isa = PBXFileReference; explicitFileType = wrapper.application; includeInIndex = 0; path = EasyBus.app; sourceTree = BUILT_PRODUCTS_DIR; };
		A99029D21B20313A000E5AD9 /* Info.plist */ = {isa = PBXFileReference; lastKnownFileType = text.plist.xml; path = Info.plist; sourceTree = "<group>"; };
		A99029D31B20313A000E5AD9 /* main.m */ = {isa = PBXFileReference; lastKnownFileType = sourcecode.c.objc; path = main.m; sourceTree = "<group>"; };
		A99029D51B20313A000E5AD9 /* AppDelegate.h */ = {isa = PBXFileReference; lastKnownFileType = sourcecode.c.h; path = AppDelegate.h; sourceTree = "<group>"; };
		A99029D61B20313A000E5AD9 /* AppDelegate.mm */ = {isa = PBXFileReference; lastKnownFileType = sourcecode.cpp.objcpp; path = AppDelegate.mm; sourceTree = "<group>"; };
		A99029D91B20313A000E5AD9 /* EasyBus.xcdatamodel */ = {isa = PBXFileReference; lastKnownFileType = wrapper.xcdatamodel; path = EasyBus.xcdatamodel; sourceTree = "<group>"; };
		A99029DF1B20313A000E5AD9 /* Base */ = {isa = PBXFileReference; lastKnownFileType = file.storyboard; name = Base; path = Base.lproj/Main.storyboard; sourceTree = "<group>"; };
		A99029E11B20313A000E5AD9 /* Images.xcassets */ = {isa = PBXFileReference; lastKnownFileType = folder.assetcatalog; path = Images.xcassets; sourceTree = "<group>"; };
		A99029E41B20313A000E5AD9 /* Base */ = {isa = PBXFileReference; lastKnownFileType = file.xib; name = Base; path = Base.lproj/LaunchScreen.xib; sourceTree = "<group>"; };
		A99029EA1B20313A000E5AD9 /* EasyBusTests.xctest */ = {isa = PBXFileReference; explicitFileType = wrapper.cfbundle; includeInIndex = 0; path = EasyBusTests.xctest; sourceTree = BUILT_PRODUCTS_DIR; };
		A99029EF1B20313A000E5AD9 /* Info.plist */ = {isa = PBXFileReference; lastKnownFileType = text.plist.xml; path = Info.plist; sourceTree = "<group>"; };
		A99029F01B20313A000E5AD9 /* EasyBusTests.m */ = {isa = PBXFileReference; lastKnownFileType = sourcecode.c.objc; path = EasyBusTests.m; sourceTree = "<group>"; };
		A9902A011B203324000E5AD9 /* CoreTelephony.framework */ = {isa = PBXFileReference; lastKnownFileType = wrapper.framework; name = CoreTelephony.framework; path = System/Library/Frameworks/CoreTelephony.framework; sourceTree = SDKROOT; };
		A9902A051B20334C000E5AD9 /* CoreLocation.framework */ = {isa = PBXFileReference; lastKnownFileType = wrapper.framework; name = CoreLocation.framework; path = System/Library/Frameworks/CoreLocation.framework; sourceTree = SDKROOT; };
		A9902A0C1B2034B5000E5AD9 /* BusService.h */ = {isa = PBXFileReference; fileEncoding = 4; lastKnownFileType = sourcecode.c.h; path = BusService.h; sourceTree = "<group>"; };
		A9902A0D1B2034B5000E5AD9 /* BusService.m */ = {isa = PBXFileReference; fileEncoding = 4; lastKnownFileType = sourcecode.c.objc; path = BusService.m; sourceTree = "<group>"; };
		A9902A101B2039E6000E5AD9 /* Bus.h */ = {isa = PBXFileReference; fileEncoding = 4; lastKnownFileType = sourcecode.c.h; path = Bus.h; sourceTree = "<group>"; };
		A9902A111B2039E6000E5AD9 /* Bus.m */ = {isa = PBXFileReference; fileEncoding = 4; lastKnownFileType = sourcecode.c.objc; path = Bus.m; sourceTree = "<group>"; };
		A9902A131B203B9B000E5AD9 /* CommonModel.h */ = {isa = PBXFileReference; fileEncoding = 4; lastKnownFileType = sourcecode.c.h; path = CommonModel.h; sourceTree = "<group>"; };
		A9902A141B203B9B000E5AD9 /* CommonModel.m */ = {isa = PBXFileReference; fileEncoding = 4; lastKnownFileType = sourcecode.c.objc; path = CommonModel.m; sourceTree = "<group>"; };
		A9902A161B203BD4000E5AD9 /* Station.h */ = {isa = PBXFileReference; fileEncoding = 4; lastKnownFileType = sourcecode.c.h; path = Station.h; sourceTree = "<group>"; };
		A9902A171B203BD4000E5AD9 /* Station.m */ = {isa = PBXFileReference; fileEncoding = 4; lastKnownFileType = sourcecode.c.objc; path = Station.m; sourceTree = "<group>"; };
		A9902A191B203D05000E5AD9 /* Arrival.h */ = {isa = PBXFileReference; fileEncoding = 4; lastKnownFileType = sourcecode.c.h; path = Arrival.h; sourceTree = "<group>"; };
		A9902A1A1B203D05000E5AD9 /* Arrival.m */ = {isa = PBXFileReference; fileEncoding = 4; lastKnownFileType = sourcecode.c.objc; path = Arrival.m; sourceTree = "<group>"; };
		A9902A1C1B203D74000E5AD9 /* LineInfo.h */ = {isa = PBXFileReference; fileEncoding = 4; lastKnownFileType = sourcecode.c.h; path = LineInfo.h; sourceTree = "<group>"; };
		A9902A1D1B203D74000E5AD9 /* LineInfo.m */ = {isa = PBXFileReference; fileEncoding = 4; lastKnownFileType = sourcecode.c.objc; path = LineInfo.m; sourceTree = "<group>"; };
		A9902A1F1B2047E4000E5AD9 /* PrefixHeader.pch */ = {isa = PBXFileReference; lastKnownFileType = sourcecode.c.h; path = PrefixHeader.pch; sourceTree = "<group>"; };
		A9902A231B21380F000E5AD9 /* RAMBounceAnimation.swift */ = {isa = PBXFileReference; fileEncoding = 4; lastKnownFileType = sourcecode.swift; path = RAMBounceAnimation.swift; sourceTree = "<group>"; };
		A9902A251B21380F000E5AD9 /* RAMFrameItemAnimation.swift */ = {isa = PBXFileReference; fileEncoding = 4; lastKnownFileType = sourcecode.swift; path = RAMFrameItemAnimation.swift; sourceTree = "<group>"; };
		A9902A271B21380F000E5AD9 /* RAMFumeAnimation.swift */ = {isa = PBXFileReference; fileEncoding = 4; lastKnownFileType = sourcecode.swift; path = RAMFumeAnimation.swift; sourceTree = "<group>"; };
		A9902A291B21380F000E5AD9 /* RAMRotationAnimation.swift */ = {isa = PBXFileReference; fileEncoding = 4; lastKnownFileType = sourcecode.swift; path = RAMRotationAnimation.swift; sourceTree = "<group>"; };
		A9902A2B1B21380F000E5AD9 /* RAMTransitionItemAnimation.swift */ = {isa = PBXFileReference; fileEncoding = 4; lastKnownFileType = sourcecode.swift; path = RAMTransitionItemAnimation.swift; sourceTree = "<group>"; };
		A9902A2C1B21380F000E5AD9 /* RAMAnimatedTabBarController.swift */ = {isa = PBXFileReference; fileEncoding = 4; lastKnownFileType = sourcecode.swift; path = RAMAnimatedTabBarController.swift; sourceTree = "<group>"; };
		A9902A2D1B21380F000E5AD9 /* RAMItemAnimationProtocol.swift */ = {isa = PBXFileReference; fileEncoding = 4; lastKnownFileType = sourcecode.swift; path = RAMItemAnimationProtocol.swift; sourceTree = "<group>"; };
		A9902A381B214381000E5AD9 /* BuslineSearchViewController.h */ = {isa = PBXFileReference; fileEncoding = 4; lastKnownFileType = sourcecode.c.h; path = BuslineSearchViewController.h; sourceTree = "<group>"; };
		A9902A391B214381000E5AD9 /* BuslineSearchViewController.m */ = {isa = PBXFileReference; fileEncoding = 4; lastKnownFileType = sourcecode.c.objc; path = BuslineSearchViewController.m; sourceTree = "<group>"; };
		A9902A3E1B215C32000E5AD9 /* EasyBus-Bridging-Header.h */ = {isa = PBXFileReference; lastKnownFileType = sourcecode.c.h; path = "EasyBus-Bridging-Header.h"; sourceTree = "<group>"; };
		A9902A4A1B252D25000E5AD9 /* BaiduService.h */ = {isa = PBXFileReference; fileEncoding = 4; lastKnownFileType = sourcecode.c.h; path = BaiduService.h; sourceTree = "<group>"; };
		A9902A4B1B252D25000E5AD9 /* BaiduService.m */ = {isa = PBXFileReference; fileEncoding = 4; lastKnownFileType = sourcecode.c.objc; path = BaiduService.m; sourceTree = "<group>"; };
		A9902A531B257B40000E5AD9 /* QuartzCore.framework */ = {isa = PBXFileReference; lastKnownFileType = wrapper.framework; name = QuartzCore.framework; path = System/Library/Frameworks/QuartzCore.framework; sourceTree = SDKROOT; };
		A9902A551B257B4D000E5AD9 /* OpenGLES.framework */ = {isa = PBXFileReference; lastKnownFileType = wrapper.framework; name = OpenGLES.framework; path = System/Library/Frameworks/OpenGLES.framework; sourceTree = SDKROOT; };
		A9902A571B257B5D000E5AD9 /* SystemConfiguration.framework */ = {isa = PBXFileReference; lastKnownFileType = wrapper.framework; name = SystemConfiguration.framework; path = System/Library/Frameworks/SystemConfiguration.framework; sourceTree = SDKROOT; };
		A9902A591B257B65000E5AD9 /* CoreGraphics.framework */ = {isa = PBXFileReference; lastKnownFileType = wrapper.framework; name = CoreGraphics.framework; path = System/Library/Frameworks/CoreGraphics.framework; sourceTree = SDKROOT; };
		A9902A5B1B257B74000E5AD9 /* Security.framework */ = {isa = PBXFileReference; lastKnownFileType = wrapper.framework; name = Security.framework; path = System/Library/Frameworks/Security.framework; sourceTree = SDKROOT; };
		A9902A5D1B257BC9000E5AD9 /* mapapi.bundle */ = {isa = PBXFileReference; lastKnownFileType = "wrapper.plug-in"; name = mapapi.bundle; path = "BaiduMap_IOSSDK_v2.7.0_Lib/Release-iphoneos/BaiduMapAPI.framework/Resources/mapapi.bundle"; sourceTree = "<group>"; };
		A9A5A1E51B5C850100751D61 /* BusLineMapViewController.h */ = {isa = PBXFileReference; fileEncoding = 4; lastKnownFileType = sourcecode.c.h; path = BusLineMapViewController.h; sourceTree = "<group>"; };
		A9A5A1E61B5C850100751D61 /* BusLineMapViewController.mm */ = {isa = PBXFileReference; fileEncoding = 4; lastKnownFileType = sourcecode.cpp.objcpp; path = BusLineMapViewController.mm; sourceTree = "<group>"; };
		A9E704371B60917C00AA6ACC /* HorizontalCell.h */ = {isa = PBXFileReference; fileEncoding = 4; lastKnownFileType = sourcecode.c.h; path = HorizontalCell.h; sourceTree = "<group>"; };
		A9E704381B60917C00AA6ACC /* HorizontalCell.m */ = {isa = PBXFileReference; fileEncoding = 4; lastKnownFileType = sourcecode.c.objc; path = HorizontalCell.m; sourceTree = "<group>"; };
		A9E7044A1B68BE6800AA6ACC /* FavoriteBusCell.h */ = {isa = PBXFileReference; fileEncoding = 4; lastKnownFileType = sourcecode.c.h; path = FavoriteBusCell.h; sourceTree = "<group>"; };
		A9E7044B1B68BE6800AA6ACC /* FavoriteBusCell.m */ = {isa = PBXFileReference; fileEncoding = 4; lastKnownFileType = sourcecode.c.objc; path = FavoriteBusCell.m; sourceTree = "<group>"; };
		A9E7044C1B68BE6800AA6ACC /* FavoriteBusCell.xib */ = {isa = PBXFileReference; fileEncoding = 4; lastKnownFileType = file.xib; path = FavoriteBusCell.xib; sourceTree = "<group>"; };
		A9E7044F1B69F4B000AA6ACC /* BaiduMapAPI.framework */ = {isa = PBXFileReference; lastKnownFileType = wrapper.framework; name = BaiduMapAPI.framework; path = "BaiduMap_IOSSDK_v2.8.1_Lib/Release-iphoneos/BaiduMapAPI.framework"; sourceTree = "<group>"; };
		A9E704511B6A1E3100AA6ACC /* IndexAnnotationView.h */ = {isa = PBXFileReference; fileEncoding = 4; lastKnownFileType = sourcecode.c.h; path = IndexAnnotationView.h; sourceTree = "<group>"; };
		A9E704521B6A1E3100AA6ACC /* IndexAnnotationView.m */ = {isa = PBXFileReference; fileEncoding = 4; lastKnownFileType = sourcecode.c.objc; path = IndexAnnotationView.m; sourceTree = "<group>"; };
		A9E7048C1B6B18A200AA6ACC /* BusLineAnnotation.h */ = {isa = PBXFileReference; fileEncoding = 4; lastKnownFileType = sourcecode.c.h; path = BusLineAnnotation.h; sourceTree = "<group>"; };
		A9E7048D1B6B18A200AA6ACC /* BusLineAnnotation.m */ = {isa = PBXFileReference; fileEncoding = 4; lastKnownFileType = sourcecode.c.objc; path = BusLineAnnotation.m; sourceTree = "<group>"; };
		A9EE1DD01B72FC9700B37AD5 /* zh-Hans */ = {isa = PBXFileReference; lastKnownFileType = text.plist.strings; name = "zh-Hans"; path = "zh-Hans.lproj/Main.strings"; sourceTree = "<group>"; };
		A9F388AB1B6EFBE900087884 /* RoutingViewController.h */ = {isa = PBXFileReference; fileEncoding = 4; lastKnownFileType = sourcecode.c.h; path = RoutingViewController.h; sourceTree = "<group>"; };
		A9F388AC1B6EFBE900087884 /* RoutingViewController.m */ = {isa = PBXFileReference; fileEncoding = 4; lastKnownFileType = sourcecode.c.objc; path = RoutingViewController.m; sourceTree = "<group>"; };
		A9F388AF1B6F090900087884 /* zh-Hans */ = {isa = PBXFileReference; lastKnownFileType = text.plist.strings; name = "zh-Hans"; path = "zh-Hans.lproj/LaunchScreen.strings"; sourceTree = "<group>"; };
		A9F388B01B6F47F300087884 /* BusStationSearchViewController.h */ = {isa = PBXFileReference; fileEncoding = 4; lastKnownFileType = sourcecode.c.h; path = BusStationSearchViewController.h; sourceTree = "<group>"; };
		A9F388B11B6F47F300087884 /* BusStationSearchViewController.m */ = {isa = PBXFileReference; fileEncoding = 4; lastKnownFileType = sourcecode.c.objc; path = BusStationSearchViewController.m; sourceTree = "<group>"; };
/* End PBXFileReference section */

/* Begin PBXFrameworksBuildPhase section */
		A99029CB1B20313A000E5AD9 /* Frameworks */ = {
			isa = PBXFrameworksBuildPhase;
			buildActionMask = 2147483647;
			files = (
				A9E704501B69F4B000AA6ACC /* BaiduMapAPI.framework in Frameworks */,
				A9902A5C1B257B74000E5AD9 /* Security.framework in Frameworks */,
				A9902A5A1B257B65000E5AD9 /* CoreGraphics.framework in Frameworks */,
				A9902A581B257B5D000E5AD9 /* SystemConfiguration.framework in Frameworks */,
				A9902A561B257B4D000E5AD9 /* OpenGLES.framework in Frameworks */,
				A9902A541B257B40000E5AD9 /* QuartzCore.framework in Frameworks */,
				A9902A0A1B2033C6000E5AD9 /* CoreTelephony.framework in Frameworks */,
				A9902A091B2033B0000E5AD9 /* CoreLocation.framework in Frameworks */,
				F12FFECDA723618D95C54AF7 /* libPods-EasyBus.a in Frameworks */,
			);
			runOnlyForDeploymentPostprocessing = 0;
		};
		A99029E71B20313A000E5AD9 /* Frameworks */ = {
			isa = PBXFrameworksBuildPhase;
			buildActionMask = 2147483647;
			files = (
			);
			runOnlyForDeploymentPostprocessing = 0;
		};
/* End PBXFrameworksBuildPhase section */

/* Begin PBXGroup section */
		A9017C9A1B58EDD700FF175B /* Classes */ = {
			isa = PBXGroup;
			children = (
				A981D63D1B5C9C2300CD6FBA /* UIImage+Rotate.h */,
				A981D63E1B5C9C2300CD6FBA /* UIImage+Rotate.m */,
				A9017C9B1B58EE6600FF175B /* UIColor+RandomColor.h */,
				A9017C9C1B58EE6600FF175B /* UIColor+RandomColor.m */,
			);
			name = Classes;
			sourceTree = "<group>";
		};
		A99029C51B20313A000E5AD9 = {
			isa = PBXGroup;
			children = (
				A9902A5D1B257BC9000E5AD9 /* mapapi.bundle */,
				A9902A071B203365000E5AD9 /* Frameworks */,
				A99029D01B20313A000E5AD9 /* EasyBus */,
				A99029ED1B20313A000E5AD9 /* EasyBusTests */,
				A99029CF1B20313A000E5AD9 /* Products */,
				F7A1727C1E3ED60479CB04EC /* Pods */,
			);
			sourceTree = "<group>";
		};
		A99029CF1B20313A000E5AD9 /* Products */ = {
			isa = PBXGroup;
			children = (
				A99029CE1B20313A000E5AD9 /* EasyBus.app */,
				A99029EA1B20313A000E5AD9 /* EasyBusTests.xctest */,
			);
			name = Products;
			sourceTree = "<group>";
		};
		A99029D01B20313A000E5AD9 /* EasyBus */ = {
			isa = PBXGroup;
			children = (
				A9017C9A1B58EDD700FF175B /* Classes */,
				A9902A3F1B218409000E5AD9 /* Views */,
				A9902A371B214335000E5AD9 /* Controllers */,
				A9902A201B21380F000E5AD9 /* RAMAnimatedTabBarController */,
				A9902A0F1B20381E000E5AD9 /* Models */,
				A99029D51B20313A000E5AD9 /* AppDelegate.h */,
				A99029D61B20313A000E5AD9 /* AppDelegate.mm */,
				A99029DE1B20313A000E5AD9 /* Main.storyboard */,
				A99029E11B20313A000E5AD9 /* Images.xcassets */,
				A99029E31B20313A000E5AD9 /* LaunchScreen.xib */,
				A99029D81B20313A000E5AD9 /* EasyBus.xcdatamodeld */,
				A99029D11B20313A000E5AD9 /* Supporting Files */,
				A9902A0C1B2034B5000E5AD9 /* BusService.h */,
				A9902A0D1B2034B5000E5AD9 /* BusService.m */,
				A9902A4A1B252D25000E5AD9 /* BaiduService.h */,
				A9902A4B1B252D25000E5AD9 /* BaiduService.m */,
			);
			path = EasyBus;
			sourceTree = "<group>";
		};
		A99029D11B20313A000E5AD9 /* Supporting Files */ = {
			isa = PBXGroup;
			children = (
				A99029D21B20313A000E5AD9 /* Info.plist */,
				A99029D31B20313A000E5AD9 /* main.m */,
				A9902A1F1B2047E4000E5AD9 /* PrefixHeader.pch */,
				A9902A3E1B215C32000E5AD9 /* EasyBus-Bridging-Header.h */,
			);
			name = "Supporting Files";
			sourceTree = "<group>";
		};
		A99029ED1B20313A000E5AD9 /* EasyBusTests */ = {
			isa = PBXGroup;
			children = (
				A99029F01B20313A000E5AD9 /* EasyBusTests.m */,
				A99029EE1B20313A000E5AD9 /* Supporting Files */,
			);
			path = EasyBusTests;
			sourceTree = "<group>";
		};
		A99029EE1B20313A000E5AD9 /* Supporting Files */ = {
			isa = PBXGroup;
			children = (
				A99029EF1B20313A000E5AD9 /* Info.plist */,
			);
			name = "Supporting Files";
			sourceTree = "<group>";
		};
		A9902A071B203365000E5AD9 /* Frameworks */ = {
			isa = PBXGroup;
			children = (
				A9E7044F1B69F4B000AA6ACC /* BaiduMapAPI.framework */,
				A9902A5B1B257B74000E5AD9 /* Security.framework */,
				A9902A591B257B65000E5AD9 /* CoreGraphics.framework */,
				A9902A571B257B5D000E5AD9 /* SystemConfiguration.framework */,
				A9902A551B257B4D000E5AD9 /* OpenGLES.framework */,
				A9902A531B257B40000E5AD9 /* QuartzCore.framework */,
				A9902A051B20334C000E5AD9 /* CoreLocation.framework */,
				A9902A011B203324000E5AD9 /* CoreTelephony.framework */,
				A7188B4F7DF113E8714A89A8 /* libPods-EasyBus.a */,
			);
			name = Frameworks;
			sourceTree = "<group>";
		};
		A9902A0F1B20381E000E5AD9 /* Models */ = {
			isa = PBXGroup;
			children = (
				A9902A101B2039E6000E5AD9 /* Bus.h */,
				A9902A111B2039E6000E5AD9 /* Bus.m */,
				A9902A131B203B9B000E5AD9 /* CommonModel.h */,
				A9902A141B203B9B000E5AD9 /* CommonModel.m */,
				A9902A161B203BD4000E5AD9 /* Station.h */,
				A9902A171B203BD4000E5AD9 /* Station.m */,
				A9902A191B203D05000E5AD9 /* Arrival.h */,
				A9902A1A1B203D05000E5AD9 /* Arrival.m */,
				A9902A1C1B203D74000E5AD9 /* LineInfo.h */,
				A9902A1D1B203D74000E5AD9 /* LineInfo.m */,
				A94F33A81B2FF15000D7476A /* FavoriteBusLine.h */,
				A94F33A91B2FF15000D7476A /* FavoriteBusLine.m */,
				A94F33A51B2FF14F00D7476A /* FavoriteCarCode.h */,
				A94F33A61B2FF14F00D7476A /* FavoriteCarCode.m */,
			);
			name = Models;
			sourceTree = "<group>";
		};
		A9902A201B21380F000E5AD9 /* RAMAnimatedTabBarController */ = {
			isa = PBXGroup;
			children = (
				A9902A211B21380F000E5AD9 /* Animations */,
				A9902A2C1B21380F000E5AD9 /* RAMAnimatedTabBarController.swift */,
				A9902A2D1B21380F000E5AD9 /* RAMItemAnimationProtocol.swift */,
			);
			path = RAMAnimatedTabBarController;
			sourceTree = "<group>";
		};
		A9902A211B21380F000E5AD9 /* Animations */ = {
			isa = PBXGroup;
			children = (
				A9902A221B21380F000E5AD9 /* BounceAnimation */,
				A9902A241B21380F000E5AD9 /* FrameAnimation */,
				A9902A261B21380F000E5AD9 /* FumeAnimation */,
				A9902A281B21380F000E5AD9 /* RotationAnimation */,
				A9902A2A1B21380F000E5AD9 /* TransitionAniamtions */,
			);
			path = Animations;
			sourceTree = "<group>";
		};
		A9902A221B21380F000E5AD9 /* BounceAnimation */ = {
			isa = PBXGroup;
			children = (
				A9902A231B21380F000E5AD9 /* RAMBounceAnimation.swift */,
			);
			path = BounceAnimation;
			sourceTree = "<group>";
		};
		A9902A241B21380F000E5AD9 /* FrameAnimation */ = {
			isa = PBXGroup;
			children = (
				A9902A251B21380F000E5AD9 /* RAMFrameItemAnimation.swift */,
			);
			path = FrameAnimation;
			sourceTree = "<group>";
		};
		A9902A261B21380F000E5AD9 /* FumeAnimation */ = {
			isa = PBXGroup;
			children = (
				A9902A271B21380F000E5AD9 /* RAMFumeAnimation.swift */,
			);
			path = FumeAnimation;
			sourceTree = "<group>";
		};
		A9902A281B21380F000E5AD9 /* RotationAnimation */ = {
			isa = PBXGroup;
			children = (
				A9902A291B21380F000E5AD9 /* RAMRotationAnimation.swift */,
			);
			path = RotationAnimation;
			sourceTree = "<group>";
		};
		A9902A2A1B21380F000E5AD9 /* TransitionAniamtions */ = {
			isa = PBXGroup;
			children = (
				A9902A2B1B21380F000E5AD9 /* RAMTransitionItemAnimation.swift */,
			);
			path = TransitionAniamtions;
			sourceTree = "<group>";
		};
		A9902A371B214335000E5AD9 /* Controllers */ = {
			isa = PBXGroup;
			children = (
				A9902A381B214381000E5AD9 /* BuslineSearchViewController.h */,
				A9902A391B214381000E5AD9 /* BuslineSearchViewController.m */,
				A909C8F61B54F91A00DCCBCA /* NearbyBusesViewController.h */,
				A909C8F71B54F91A00DCCBCA /* NearbyBusesViewController.m */,
				A9017C8F1B56246100FF175B /* LocationsViewController.h */,
				A9017C901B56246100FF175B /* LocationsViewController.m */,
				A9017C951B578BD600FF175B /* InitLocationViewController.h */,
				A9017C961B578BD600FF175B /* InitLocationViewController.m */,
				A9A5A1E51B5C850100751D61 /* BusLineMapViewController.h */,
				A9A5A1E61B5C850100751D61 /* BusLineMapViewController.mm */,
				A9F388AB1B6EFBE900087884 /* RoutingViewController.h */,
				A9F388AC1B6EFBE900087884 /* RoutingViewController.m */,
				A9F388B01B6F47F300087884 /* BusStationSearchViewController.h */,
				A9F388B11B6F47F300087884 /* BusStationSearchViewController.m */,
			);
			name = Controllers;
			sourceTree = "<group>";
		};
		A9902A3F1B218409000E5AD9 /* Views */ = {
			isa = PBXGroup;
			children = (
				A93CFE3C1B6DE7A500F71E57 /* NearbyStationCell.m */,
				A93CFE3B1B6DE79800F71E57 /* NearbyStationCell.h */,
				A94F33AB1B30087C00D7476A /* TemplatedTintColorButton.h */,
				A94F33AC1B30087C00D7476A /* TemplatedTintColorButton.m */,
				A909C8F91B54FD7800DCCBCA /* NearbyBusCell.h */,
				A909C8FA1B54FD7800DCCBCA /* NearbyBusCell.m */,
				A9017C981B58A5B100FF175B /* NearbyBusCell.xib */,
				A981D6411B5E2DA900CD6FBA /* ArrivalCell.h */,
				A981D6421B5E2DA900CD6FBA /* ArrivalCell.m */,
				A9E704371B60917C00AA6ACC /* HorizontalCell.h */,
				A9E704381B60917C00AA6ACC /* HorizontalCell.m */,
				A9E7044A1B68BE6800AA6ACC /* FavoriteBusCell.h */,
				A9E7044B1B68BE6800AA6ACC /* FavoriteBusCell.m */,
				A9E7044C1B68BE6800AA6ACC /* FavoriteBusCell.xib */,
				A9E704511B6A1E3100AA6ACC /* IndexAnnotationView.h */,
				A9E704521B6A1E3100AA6ACC /* IndexAnnotationView.m */,
				A9E7048C1B6B18A200AA6ACC /* BusLineAnnotation.h */,
				A9E7048D1B6B18A200AA6ACC /* BusLineAnnotation.m */,
			);
			name = Views;
			sourceTree = "<group>";
		};
		F7A1727C1E3ED60479CB04EC /* Pods */ = {
			isa = PBXGroup;
			children = (
				783D7B94F8C8DAA7363D7870 /* Pods-EasyBus.debug.xcconfig */,
				4AB9B78ADDC7A5687BAF4135 /* Pods-EasyBus.release.xcconfig */,
			);
			name = Pods;
			sourceTree = "<group>";
		};
/* End PBXGroup section */

/* Begin PBXNativeTarget section */
		A99029CD1B20313A000E5AD9 /* EasyBus */ = {
			isa = PBXNativeTarget;
			buildConfigurationList = A99029F41B20313A000E5AD9 /* Build configuration list for PBXNativeTarget "EasyBus" */;
			buildPhases = (
				0025B270AF2039006BC45884 /* Check Pods Manifest.lock */,
				A99029CA1B20313A000E5AD9 /* Sources */,
				A99029CB1B20313A000E5AD9 /* Frameworks */,
				A99029CC1B20313A000E5AD9 /* Resources */,
				0A144F257D1A8769F97B6CC0 /* Copy Pods Resources */,
			);
			buildRules = (
			);
			dependencies = (
			);
			name = EasyBus;
			productName = EasyBus;
			productReference = A99029CE1B20313A000E5AD9 /* EasyBus.app */;
			productType = "com.apple.product-type.application";
		};
		A99029E91B20313A000E5AD9 /* EasyBusTests */ = {
			isa = PBXNativeTarget;
			buildConfigurationList = A99029F71B20313A000E5AD9 /* Build configuration list for PBXNativeTarget "EasyBusTests" */;
			buildPhases = (
				A99029E61B20313A000E5AD9 /* Sources */,
				A99029E71B20313A000E5AD9 /* Frameworks */,
				A99029E81B20313A000E5AD9 /* Resources */,
			);
			buildRules = (
			);
			dependencies = (
				A99029EC1B20313A000E5AD9 /* PBXTargetDependency */,
			);
			name = EasyBusTests;
			productName = EasyBusTests;
			productReference = A99029EA1B20313A000E5AD9 /* EasyBusTests.xctest */;
			productType = "com.apple.product-type.bundle.unit-test";
		};
/* End PBXNativeTarget section */

/* Begin PBXProject section */
		A99029C61B20313A000E5AD9 /* Project object */ = {
			isa = PBXProject;
			attributes = {
				LastUpgradeCheck = 0630;
				ORGANIZATIONNAME = PSY;
				TargetAttributes = {
					A99029CD1B20313A000E5AD9 = {
						CreatedOnToolsVersion = 6.3.1;
						DevelopmentTeam = EWKW24T8EC;
						SystemCapabilities = {
							com.apple.BackgroundModes = {
								enabled = 0;
							};
						};
					};
					A99029E91B20313A000E5AD9 = {
						CreatedOnToolsVersion = 6.3.1;
						TestTargetID = A99029CD1B20313A000E5AD9;
					};
				};
			};
			buildConfigurationList = A99029C91B20313A000E5AD9 /* Build configuration list for PBXProject "EasyBus" */;
			compatibilityVersion = "Xcode 3.2";
			developmentRegion = English;
			hasScannedForEncodings = 0;
			knownRegions = (
				en,
				Base,
				"zh-Hans",
			);
			mainGroup = A99029C51B20313A000E5AD9;
			productRefGroup = A99029CF1B20313A000E5AD9 /* Products */;
			projectDirPath = "";
			projectRoot = "";
			targets = (
				A99029CD1B20313A000E5AD9 /* EasyBus */,
				A99029E91B20313A000E5AD9 /* EasyBusTests */,
			);
		};
/* End PBXProject section */

/* Begin PBXResourcesBuildPhase section */
		A99029CC1B20313A000E5AD9 /* Resources */ = {
			isa = PBXResourcesBuildPhase;
			buildActionMask = 2147483647;
			files = (
				A99029E01B20313A000E5AD9 /* Main.storyboard in Resources */,
				A9902A5E1B257BC9000E5AD9 /* mapapi.bundle in Resources */,
				A9017C991B58A5B100FF175B /* NearbyBusCell.xib in Resources */,
				A99029E51B20313A000E5AD9 /* LaunchScreen.xib in Resources */,
				A9E7044E1B68BE6800AA6ACC /* FavoriteBusCell.xib in Resources */,
				A99029E21B20313A000E5AD9 /* Images.xcassets in Resources */,
			);
			runOnlyForDeploymentPostprocessing = 0;
		};
		A99029E81B20313A000E5AD9 /* Resources */ = {
			isa = PBXResourcesBuildPhase;
			buildActionMask = 2147483647;
			files = (
			);
			runOnlyForDeploymentPostprocessing = 0;
		};
/* End PBXResourcesBuildPhase section */

/* Begin PBXShellScriptBuildPhase section */
		0025B270AF2039006BC45884 /* Check Pods Manifest.lock */ = {
			isa = PBXShellScriptBuildPhase;
			buildActionMask = 2147483647;
			files = (
			);
			inputPaths = (
			);
			name = "Check Pods Manifest.lock";
			outputPaths = (
			);
			runOnlyForDeploymentPostprocessing = 0;
			shellPath = /bin/sh;
			shellScript = "diff \"${PODS_ROOT}/../Podfile.lock\" \"${PODS_ROOT}/Manifest.lock\" > /dev/null\nif [[ $? != 0 ]] ; then\n    cat << EOM\nerror: The sandbox is not in sync with the Podfile.lock. Run 'pod install' or update your CocoaPods installation.\nEOM\n    exit 1\nfi\n";
			showEnvVarsInLog = 0;
		};
		0A144F257D1A8769F97B6CC0 /* Copy Pods Resources */ = {
			isa = PBXShellScriptBuildPhase;
			buildActionMask = 2147483647;
			files = (
			);
			inputPaths = (
			);
			name = "Copy Pods Resources";
			outputPaths = (
			);
			runOnlyForDeploymentPostprocessing = 0;
			shellPath = /bin/sh;
			shellScript = "\"${SRCROOT}/Pods/Target Support Files/Pods-EasyBus/Pods-EasyBus-resources.sh\"\n";
			showEnvVarsInLog = 0;
		};
/* End PBXShellScriptBuildPhase section */

/* Begin PBXSourcesBuildPhase section */
		A99029CA1B20313A000E5AD9 /* Sources */ = {
			isa = PBXSourcesBuildPhase;
			buildActionMask = 2147483647;
			files = (
				A9902A121B2039E6000E5AD9 /* Bus.m in Sources */,
				A9E704391B60917C00AA6ACC /* HorizontalCell.m in Sources */,
				A9E704531B6A1E3100AA6ACC /* IndexAnnotationView.m in Sources */,
				A9902A3A1B214381000E5AD9 /* BuslineSearchViewController.m in Sources */,
				A909C8F81B54F91A00DCCBCA /* NearbyBusesViewController.m in Sources */,
				A9A5A1E71B5C850100751D61 /* BusLineMapViewController.mm in Sources */,
				A9017C911B56246100FF175B /* LocationsViewController.m in Sources */,
				A99029DA1B20313A000E5AD9 /* EasyBus.xcdatamodeld in Sources */,
				A9017C971B578BD600FF175B /* InitLocationViewController.m in Sources */,
				A9902A1B1B203D05000E5AD9 /* Arrival.m in Sources */,
				A9E7044D1B68BE6800AA6ACC /* FavoriteBusCell.m in Sources */,
				A9902A311B21380F000E5AD9 /* RAMRotationAnimation.swift in Sources */,
				A99029D71B20313A000E5AD9 /* AppDelegate.mm in Sources */,
				A9902A2F1B21380F000E5AD9 /* RAMFrameItemAnimation.swift in Sources */,
				A9E7048E1B6B18A200AA6ACC /* BusLineAnnotation.m in Sources */,
				A909C8FB1B54FD7800DCCBCA /* NearbyBusCell.m in Sources */,
				A9017C9D1B58EE6600FF175B /* UIColor+RandomColor.m in Sources */,
				A94F33AD1B30087C00D7476A /* TemplatedTintColorButton.m in Sources */,
				A93CFE3D1B6DE7A500F71E57 /* NearbyStationCell.m in Sources */,
				A9902A0E1B2034B5000E5AD9 /* BusService.m in Sources */,
				A9902A341B21380F000E5AD9 /* RAMItemAnimationProtocol.swift in Sources */,
				A9902A4C1B252D25000E5AD9 /* BaiduService.m in Sources */,
				A94F33AA1B2FF15000D7476A /* FavoriteBusLine.m in Sources */,
				A9902A2E1B21380F000E5AD9 /* RAMBounceAnimation.swift in Sources */,
				A9F388AD1B6EFBE900087884 /* RoutingViewController.m in Sources */,
				A981D63F1B5C9C2300CD6FBA /* UIImage+Rotate.m in Sources */,
				A9902A151B203B9B000E5AD9 /* CommonModel.m in Sources */,
				A9902A181B203BD4000E5AD9 /* Station.m in Sources */,
				A9902A301B21380F000E5AD9 /* RAMFumeAnimation.swift in Sources */,
				A981D6441B5E2DA900CD6FBA /* ArrivalCell.m in Sources */,
				A99029D41B20313A000E5AD9 /* main.m in Sources */,
				A9902A331B21380F000E5AD9 /* RAMAnimatedTabBarController.swift in Sources */,
				A9902A321B21380F000E5AD9 /* RAMTransitionItemAnimation.swift in Sources */,
				A94F33A71B2FF14F00D7476A /* FavoriteCarCode.m in Sources */,
				A9F388B21B6F47F300087884 /* BusStationSearchViewController.m in Sources */,
				A9902A1E1B203D74000E5AD9 /* LineInfo.m in Sources */,
			);
			runOnlyForDeploymentPostprocessing = 0;
		};
		A99029E61B20313A000E5AD9 /* Sources */ = {
			isa = PBXSourcesBuildPhase;
			buildActionMask = 2147483647;
			files = (
				A99029F11B20313A000E5AD9 /* EasyBusTests.m in Sources */,
			);
			runOnlyForDeploymentPostprocessing = 0;
		};
/* End PBXSourcesBuildPhase section */

/* Begin PBXTargetDependency section */
		A99029EC1B20313A000E5AD9 /* PBXTargetDependency */ = {
			isa = PBXTargetDependency;
			target = A99029CD1B20313A000E5AD9 /* EasyBus */;
			targetProxy = A99029EB1B20313A000E5AD9 /* PBXContainerItemProxy */;
		};
/* End PBXTargetDependency section */

/* Begin PBXVariantGroup section */
		A99029DE1B20313A000E5AD9 /* Main.storyboard */ = {
			isa = PBXVariantGroup;
			children = (
				A99029DF1B20313A000E5AD9 /* Base */,
				A9EE1DD01B72FC9700B37AD5 /* zh-Hans */,
			);
			name = Main.storyboard;
			sourceTree = "<group>";
		};
		A99029E31B20313A000E5AD9 /* LaunchScreen.xib */ = {
			isa = PBXVariantGroup;
			children = (
				A99029E41B20313A000E5AD9 /* Base */,
				A9F388AF1B6F090900087884 /* zh-Hans */,
			);
			name = LaunchScreen.xib;
			sourceTree = "<group>";
		};
/* End PBXVariantGroup section */

/* Begin XCBuildConfiguration section */
		A99029F21B20313A000E5AD9 /* Debug */ = {
			isa = XCBuildConfiguration;
			buildSettings = {
				ALWAYS_SEARCH_USER_PATHS = NO;
				CLANG_CXX_LANGUAGE_STANDARD = "gnu++0x";
				CLANG_CXX_LIBRARY = "libc++";
				CLANG_ENABLE_MODULES = YES;
				CLANG_ENABLE_OBJC_ARC = YES;
				CLANG_WARN_BOOL_CONVERSION = YES;
				CLANG_WARN_CONSTANT_CONVERSION = YES;
				CLANG_WARN_DIRECT_OBJC_ISA_USAGE = YES_ERROR;
				CLANG_WARN_EMPTY_BODY = YES;
				CLANG_WARN_ENUM_CONVERSION = YES;
				CLANG_WARN_INT_CONVERSION = YES;
				CLANG_WARN_OBJC_ROOT_CLASS = YES_ERROR;
				CLANG_WARN_UNREACHABLE_CODE = YES;
				CLANG_WARN__DUPLICATE_METHOD_MATCH = YES;
				"CODE_SIGN_IDENTITY[sdk=iphoneos*]" = "iPhone Developer";
				COPY_PHASE_STRIP = NO;
				DEBUG_INFORMATION_FORMAT = "dwarf-with-dsym";
				ENABLE_STRICT_OBJC_MSGSEND = YES;
				GCC_C_LANGUAGE_STANDARD = gnu99;
				GCC_DYNAMIC_NO_PIC = NO;
				GCC_NO_COMMON_BLOCKS = YES;
				GCC_OPTIMIZATION_LEVEL = 0;
				GCC_PREPROCESSOR_DEFINITIONS = (
					"DEBUG=1",
					"$(inherited)",
				);
				GCC_SYMBOLS_PRIVATE_EXTERN = NO;
				GCC_WARN_64_TO_32_BIT_CONVERSION = YES;
				GCC_WARN_ABOUT_RETURN_TYPE = YES_ERROR;
				GCC_WARN_UNDECLARED_SELECTOR = YES;
				GCC_WARN_UNINITIALIZED_AUTOS = YES_AGGRESSIVE;
				GCC_WARN_UNUSED_FUNCTION = YES;
				GCC_WARN_UNUSED_VARIABLE = YES;
				IPHONEOS_DEPLOYMENT_TARGET = 7.0;
				MTL_ENABLE_DEBUG_INFO = YES;
				ONLY_ACTIVE_ARCH = YES;
				SDKROOT = iphoneos;
			};
			name = Debug;
		};
		A99029F31B20313A000E5AD9 /* Release */ = {
			isa = XCBuildConfiguration;
			buildSettings = {
				ALWAYS_SEARCH_USER_PATHS = NO;
				CLANG_CXX_LANGUAGE_STANDARD = "gnu++0x";
				CLANG_CXX_LIBRARY = "libc++";
				CLANG_ENABLE_MODULES = YES;
				CLANG_ENABLE_OBJC_ARC = YES;
				CLANG_WARN_BOOL_CONVERSION = YES;
				CLANG_WARN_CONSTANT_CONVERSION = YES;
				CLANG_WARN_DIRECT_OBJC_ISA_USAGE = YES_ERROR;
				CLANG_WARN_EMPTY_BODY = YES;
				CLANG_WARN_ENUM_CONVERSION = YES;
				CLANG_WARN_INT_CONVERSION = YES;
				CLANG_WARN_OBJC_ROOT_CLASS = YES_ERROR;
				CLANG_WARN_UNREACHABLE_CODE = YES;
				CLANG_WARN__DUPLICATE_METHOD_MATCH = YES;
				"CODE_SIGN_IDENTITY[sdk=iphoneos*]" = "iPhone Developer";
				COPY_PHASE_STRIP = NO;
				DEBUG_INFORMATION_FORMAT = "dwarf-with-dsym";
				ENABLE_NS_ASSERTIONS = NO;
				ENABLE_STRICT_OBJC_MSGSEND = YES;
				GCC_C_LANGUAGE_STANDARD = gnu99;
				GCC_NO_COMMON_BLOCKS = YES;
				GCC_WARN_64_TO_32_BIT_CONVERSION = YES;
				GCC_WARN_ABOUT_RETURN_TYPE = YES_ERROR;
				GCC_WARN_UNDECLARED_SELECTOR = YES;
				GCC_WARN_UNINITIALIZED_AUTOS = YES_AGGRESSIVE;
				GCC_WARN_UNUSED_FUNCTION = YES;
				GCC_WARN_UNUSED_VARIABLE = YES;
				IPHONEOS_DEPLOYMENT_TARGET = 7.0;
				MTL_ENABLE_DEBUG_INFO = NO;
				SDKROOT = iphoneos;
				VALIDATE_PRODUCT = YES;
			};
			name = Release;
		};
		A99029F51B20313A000E5AD9 /* Debug */ = {
			isa = XCBuildConfiguration;
			baseConfigurationReference = 783D7B94F8C8DAA7363D7870 /* Pods-EasyBus.debug.xcconfig */;
			buildSettings = {
				ASSETCATALOG_COMPILER_APPICON_NAME = AppIcon;
				ASSETCATALOG_COMPILER_LAUNCHIMAGE_NAME = LaunchImage;
				CODE_SIGN_IDENTITY = "iPhone Developer";
				FRAMEWORK_SEARCH_PATHS = (
					"$(inherited)",
					"$(PROJECT_DIR)/BaiduMap_IOSSDK_v2.8.1_Lib/Release-iphoneos",
				);
				INFOPLIST_FILE = EasyBus/Info.plist;
				IPHONEOS_DEPLOYMENT_TARGET = 7.1;
				LD_RUNPATH_SEARCH_PATHS = "$(inherited) @executable_path/Frameworks";
				LIBRARY_SEARCH_PATHS = (
					"$(inherited)",
					"$(PROJECT_DIR)/JuheApisSDK",
				);
				PRODUCT_NAME = "$(TARGET_NAME)";
				SWIFT_OBJC_BRIDGING_HEADER = "EasyBus/EasyBus-Bridging-Header.h";
				SWIFT_OPTIMIZATION_LEVEL = "-Onone";
			};
			name = Debug;
		};
		A99029F61B20313A000E5AD9 /* Release */ = {
			isa = XCBuildConfiguration;
			baseConfigurationReference = 4AB9B78ADDC7A5687BAF4135 /* Pods-EasyBus.release.xcconfig */;
			buildSettings = {
				ASSETCATALOG_COMPILER_APPICON_NAME = AppIcon;
				ASSETCATALOG_COMPILER_LAUNCHIMAGE_NAME = LaunchImage;
				CODE_SIGN_IDENTITY = "iPhone Developer";
				FRAMEWORK_SEARCH_PATHS = (
					"$(inherited)",
					"$(PROJECT_DIR)/BaiduMap_IOSSDK_v2.8.1_Lib/Release-iphoneos",
				);
				INFOPLIST_FILE = EasyBus/Info.plist;
				IPHONEOS_DEPLOYMENT_TARGET = 7.1;
				LD_RUNPATH_SEARCH_PATHS = "$(inherited) @executable_path/Frameworks";
				LIBRARY_SEARCH_PATHS = (
					"$(inherited)",
					"$(PROJECT_DIR)/JuheApisSDK",
				);
				PRODUCT_NAME = "$(TARGET_NAME)";
				SWIFT_OBJC_BRIDGING_HEADER = "EasyBus/EasyBus-Bridging-Header.h";
			};
			name = Release;
		};
		A99029F81B20313A000E5AD9 /* Debug */ = {
			isa = XCBuildConfiguration;
			buildSettings = {
				BUNDLE_LOADER = "$(TEST_HOST)";
				FRAMEWORK_SEARCH_PATHS = (
					"$(SDKROOT)/Developer/Library/Frameworks",
					"$(inherited)",
				);
				GCC_PREPROCESSOR_DEFINITIONS = (
					"DEBUG=1",
					"$(inherited)",
				);
				INFOPLIST_FILE = EasyBusTests/Info.plist;
				LD_RUNPATH_SEARCH_PATHS = "$(inherited) @executable_path/Frameworks @loader_path/Frameworks";
				PRODUCT_NAME = "$(TARGET_NAME)";
				TEST_HOST = "$(BUILT_PRODUCTS_DIR)/EasyBus.app/EasyBus";
			};
			name = Debug;
		};
		A99029F91B20313A000E5AD9 /* Release */ = {
			isa = XCBuildConfiguration;
			buildSettings = {
				BUNDLE_LOADER = "$(TEST_HOST)";
				FRAMEWORK_SEARCH_PATHS = (
					"$(SDKROOT)/Developer/Library/Frameworks",
					"$(inherited)",
				);
				INFOPLIST_FILE = EasyBusTests/Info.plist;
				LD_RUNPATH_SEARCH_PATHS = "$(inherited) @executable_path/Frameworks @loader_path/Frameworks";
				PRODUCT_NAME = "$(TARGET_NAME)";
				TEST_HOST = "$(BUILT_PRODUCTS_DIR)/EasyBus.app/EasyBus";
			};
			name = Release;
		};
/* End XCBuildConfiguration section */

/* Begin XCConfigurationList section */
		A99029C91B20313A000E5AD9 /* Build configuration list for PBXProject "EasyBus" */ = {
			isa = XCConfigurationList;
			buildConfigurations = (
				A99029F21B20313A000E5AD9 /* Debug */,
				A99029F31B20313A000E5AD9 /* Release */,
			);
			defaultConfigurationIsVisible = 0;
			defaultConfigurationName = Release;
		};
		A99029F41B20313A000E5AD9 /* Build configuration list for PBXNativeTarget "EasyBus" */ = {
			isa = XCConfigurationList;
			buildConfigurations = (
				A99029F51B20313A000E5AD9 /* Debug */,
				A99029F61B20313A000E5AD9 /* Release */,
			);
			defaultConfigurationIsVisible = 0;
			defaultConfigurationName = Release;
		};
		A99029F71B20313A000E5AD9 /* Build configuration list for PBXNativeTarget "EasyBusTests" */ = {
			isa = XCConfigurationList;
			buildConfigurations = (
				A99029F81B20313A000E5AD9 /* Debug */,
				A99029F91B20313A000E5AD9 /* Release */,
			);
			defaultConfigurationIsVisible = 0;
			defaultConfigurationName = Release;
		};
/* End XCConfigurationList section */

/* Begin XCVersionGroup section */
		A99029D81B20313A000E5AD9 /* EasyBus.xcdatamodeld */ = {
			isa = XCVersionGroup;
			children = (
				A99029D91B20313A000E5AD9 /* EasyBus.xcdatamodel */,
			);
			currentVersion = A99029D91B20313A000E5AD9 /* EasyBus.xcdatamodel */;
			path = EasyBus.xcdatamodeld;
			sourceTree = "<group>";
			versionGroupType = wrapper.xcdatamodel;
		};
/* End XCVersionGroup section */
	};
	rootObject = A99029C61B20313A000E5AD9 /* Project object */;
}
